
Microsoft Visual Studio Solution File, Format Version 12.00
# Visual Studio Version 16
VisualStudioVersion = 16.0.29926.136
MinimumVisualStudioVersion = 10.0.40219.1
Project("{FAE04EC0-301F-11D3-BF4B-00C04F79EFBC}") = "UploadMediaFiles", "UploadMediaFiles\UploadMediaFiles.csproj", "{86C84F53-D6BC-4E86-8F18-8EB0A99899F3}"
EndProject
Global
	GlobalSection(SolutionConfigurationPlatforms) = preSolution
		Debug|Any CPU = Debug|Any CPU
		Release|Any CPU = Release|Any CPU
	EndGlobalSection
	GlobalSection(ProjectConfigurationPlatforms) = postSolution
		{86C84F53-D6BC-4E86-8F18-8EB0A99899F3}.Debug|Any CPU.ActiveCfg = Debug|Any CPU
		{86C84F53-D6BC-4E86-8F18-8EB0A99899F3}.Debug|Any CPU.Build.0 = Debug|Any CPU
		{86C84F53-D6BC-4E86-8F18-8EB0A99899F3}.Release|Any CPU.ActiveCfg = Release|Any CPU
		{86C84F53-D6BC-4E86-8F18-8EB0A99899F3}.Release|Any CPU.Build.0 = Release|Any CPU
	EndGlobalSection
	GlobalSection(SolutionProperties) = preSolution
		HideSolutionNode = FALSE
	EndGlobalSection
	GlobalSection(ExtensibilityGlobals) = postSolution
		SolutionGuid = {6A47D7D4-9D51-4F2D-8726-B52083778886}
	EndGlobalSection
EndGlobal
