
Microsoft Visual Studio Solution File, Format Version 12.00
# Visual Studio Version 16
VisualStudioVersion = 16.0.29926.136
MinimumVisualStudioVersion = 10.0.40219.1
Project("{9A19103F-16F7-4668-BE54-9A1E7A4F7556}") = "FundooAPI", "FundooAPI\FundooAPI.csproj", "{C1193D8E-FA90-42CB-9ED5-74BECDA5C170}"
EndProject
Project("{9A19103F-16F7-4668-BE54-9A1E7A4F7556}") = "BusinessManager", "BusinessManager\BusinessManager.csproj", "{122DF23E-C64A-47C0-B9F9-A5623F95D416}"
EndProject
Project("{9A19103F-16F7-4668-BE54-9A1E7A4F7556}") = "Common", "Common\Common.csproj", "{29B34B47-EA5E-4AF7-BFF1-FEA974228AA7}"
EndProject
Project("{9A19103F-16F7-4668-BE54-9A1E7A4F7556}") = "UnitTesting", "UnitTesting\UnitTesting.csproj", "{91BC4B56-BABE-4ADD-802B-0F4E0C8A79D6}"
EndProject
Project("{9A19103F-16F7-4668-BE54-9A1E7A4F7556}") = "FundooRepository", "FundooRepository\FundooRepository.csproj", "{2576074B-EC44-4A2A-9187-B57CE9D502BA}"
EndProject
Global
	GlobalSection(SolutionConfigurationPlatforms) = preSolution
		Debug|Any CPU = Debug|Any CPU
		Release|Any CPU = Release|Any CPU
	EndGlobalSection
	GlobalSection(ProjectConfigurationPlatforms) = postSolution
		{C1193D8E-FA90-42CB-9ED5-74BECDA5C170}.Debug|Any CPU.ActiveCfg = Debug|Any CPU
		{C1193D8E-FA90-42CB-9ED5-74BECDA5C170}.Debug|Any CPU.Build.0 = Debug|Any CPU
		{C1193D8E-FA90-42CB-9ED5-74BECDA5C170}.Release|Any CPU.ActiveCfg = Release|Any CPU
		{C1193D8E-FA90-42CB-9ED5-74BECDA5C170}.Release|Any CPU.Build.0 = Release|Any CPU
		{122DF23E-C64A-47C0-B9F9-A5623F95D416}.Debug|Any CPU.ActiveCfg = Debug|Any CPU
		{122DF23E-C64A-47C0-B9F9-A5623F95D416}.Debug|Any CPU.Build.0 = Debug|Any CPU
		{122DF23E-C64A-47C0-B9F9-A5623F95D416}.Release|Any CPU.ActiveCfg = Release|Any CPU
		{122DF23E-C64A-47C0-B9F9-A5623F95D416}.Release|Any CPU.Build.0 = Release|Any CPU
		{29B34B47-EA5E-4AF7-BFF1-FEA974228AA7}.Debug|Any CPU.ActiveCfg = Debug|Any CPU
		{29B34B47-EA5E-4AF7-BFF1-FEA974228AA7}.Debug|Any CPU.Build.0 = Debug|Any CPU
		{29B34B47-EA5E-4AF7-BFF1-FEA974228AA7}.Release|Any CPU.ActiveCfg = Release|Any CPU
		{29B34B47-EA5E-4AF7-BFF1-FEA974228AA7}.Release|Any CPU.Build.0 = Release|Any CPU
		{91BC4B56-BABE-4ADD-802B-0F4E0C8A79D6}.Debug|Any CPU.ActiveCfg = Debug|Any CPU
		{91BC4B56-BABE-4ADD-802B-0F4E0C8A79D6}.Debug|Any CPU.Build.0 = Debug|Any CPU
		{91BC4B56-BABE-4ADD-802B-0F4E0C8A79D6}.Release|Any CPU.ActiveCfg = Release|Any CPU
		{91BC4B56-BABE-4ADD-802B-0F4E0C8A79D6}.Release|Any CPU.Build.0 = Release|Any CPU
		{2576074B-EC44-4A2A-9187-B57CE9D502BA}.Debug|Any CPU.ActiveCfg = Debug|Any CPU
		{2576074B-EC44-4A2A-9187-B57CE9D502BA}.Debug|Any CPU.Build.0 = Debug|Any CPU
		{2576074B-EC44-4A2A-9187-B57CE9D502BA}.Release|Any CPU.ActiveCfg = Release|Any CPU
		{2576074B-EC44-4A2A-9187-B57CE9D502BA}.Release|Any CPU.Build.0 = Release|Any CPU
	EndGlobalSection
	GlobalSection(SolutionProperties) = preSolution
		HideSolutionNode = FALSE
	EndGlobalSection
	GlobalSection(ExtensibilityGlobals) = postSolution
		SolutionGuid = {039B8AA9-DBB8-42D1-A07A-91DEB5DD3727}
	EndGlobalSection
EndGlobal
